
Microsoft Visual Studio Solution File, Format Version 12.00
# Visual Studio Version 16
VisualStudioVersion = 16.0.30611.23
MinimumVisualStudioVersion = 10.0.40219.1
Project("{FAE04EC0-301F-11D3-BF4B-00C04F79EFBC}") = "Uwp_App5", "Uwp_App5.csproj", "{863CDDA8-4FAB-4111-B4F6-915C054EDD5F}"
EndProject
Project("{9A19103F-16F7-4668-BE54-9A1E7A4F7556}") = "Uwp_App5.Core", "..\Uwp_App5.Core\Uwp_App5.Core.csproj", "{1FC84C4E-9339-4996-AAAA-D907F05A0424}"
EndProject
Global
	GlobalSection(SolutionConfigurationPlatforms) = preSolution
		Debug|Any CPU = Debug|Any CPU
		Debug|ARM = Debug|ARM
		Debug|ARM64 = Debug|ARM64
		Debug|x64 = Debug|x64
		Debug|x86 = Debug|x86
		Release|Any CPU = Release|Any CPU
		Release|ARM = Release|ARM
		Release|ARM64 = Release|ARM64
		Release|x64 = Release|x64
		Release|x86 = Release|x86
	EndGlobalSection
	GlobalSection(ProjectConfigurationPlatforms) = postSolution
		{863CDDA8-4FAB-4111-B4F6-915C054EDD5F}.Debug|Any CPU.ActiveCfg = Debug|x86
		{863CDDA8-4FAB-4111-B4F6-915C054EDD5F}.Debug|ARM.ActiveCfg = Debug|ARM
		{863CDDA8-4FAB-4111-B4F6-915C054EDD5F}.Debug|ARM.Build.0 = Debug|ARM
		{863CDDA8-4FAB-4111-B4F6-915C054EDD5F}.Debug|ARM.Deploy.0 = Debug|ARM
		{863CDDA8-4FAB-4111-B4F6-915C054EDD5F}.Debug|ARM64.ActiveCfg = Debug|ARM64
		{863CDDA8-4FAB-4111-B4F6-915C054EDD5F}.Debug|ARM64.Build.0 = Debug|ARM64
		{863CDDA8-4FAB-4111-B4F6-915C054EDD5F}.Debug|ARM64.Deploy.0 = Debug|ARM64
		{863CDDA8-4FAB-4111-B4F6-915C054EDD5F}.Debug|x64.ActiveCfg = Debug|x64
		{863CDDA8-4FAB-4111-B4F6-915C054EDD5F}.Debug|x64.Build.0 = Debug|x64
		{863CDDA8-4FAB-4111-B4F6-915C054EDD5F}.Debug|x64.Deploy.0 = Debug|x64
		{863CDDA8-4FAB-4111-B4F6-915C054EDD5F}.Debug|x86.ActiveCfg = Debug|x86
		{863CDDA8-4FAB-4111-B4F6-915C054EDD5F}.Debug|x86.Build.0 = Debug|x86
		{863CDDA8-4FAB-4111-B4F6-915C054EDD5F}.Debug|x86.Deploy.0 = Debug|x86
		{863CDDA8-4FAB-4111-B4F6-915C054EDD5F}.Release|Any CPU.ActiveCfg = Release|x86
		{863CDDA8-4FAB-4111-B4F6-915C054EDD5F}.Release|ARM.ActiveCfg = Release|ARM
		{863CDDA8-4FAB-4111-B4F6-915C054EDD5F}.Release|ARM.Build.0 = Release|ARM
		{863CDDA8-4FAB-4111-B4F6-915C054EDD5F}.Release|ARM.Deploy.0 = Release|ARM
		{863CDDA8-4FAB-4111-B4F6-915C054EDD5F}.Release|ARM64.ActiveCfg = Release|ARM64
		{863CDDA8-4FAB-4111-B4F6-915C054EDD5F}.Release|ARM64.Build.0 = Release|ARM64
		{863CDDA8-4FAB-4111-B4F6-915C054EDD5F}.Release|ARM64.Deploy.0 = Release|ARM64
		{863CDDA8-4FAB-4111-B4F6-915C054EDD5F}.Release|x64.ActiveCfg = Release|x64
		{863CDDA8-4FAB-4111-B4F6-915C054EDD5F}.Release|x64.Build.0 = Release|x64
		{863CDDA8-4FAB-4111-B4F6-915C054EDD5F}.Release|x64.Deploy.0 = Release|x64
		{863CDDA8-4FAB-4111-B4F6-915C054EDD5F}.Release|x86.ActiveCfg = Release|x86
		{863CDDA8-4FAB-4111-B4F6-915C054EDD5F}.Release|x86.Build.0 = Release|x86
		{863CDDA8-4FAB-4111-B4F6-915C054EDD5F}.Release|x86.Deploy.0 = Release|x86
		{1FC84C4E-9339-4996-AAAA-D907F05A0424}.Debug|Any CPU.ActiveCfg = Debug|Any CPU
		{1FC84C4E-9339-4996-AAAA-D907F05A0424}.Debug|Any CPU.Build.0 = Debug|Any CPU
		{1FC84C4E-9339-4996-AAAA-D907F05A0424}.Debug|ARM.ActiveCfg = Debug|Any CPU
		{1FC84C4E-9339-4996-AAAA-D907F05A0424}.Debug|ARM.Build.0 = Debug|Any CPU
		{1FC84C4E-9339-4996-AAAA-D907F05A0424}.Debug|ARM64.ActiveCfg = Debug|Any CPU
		{1FC84C4E-9339-4996-AAAA-D907F05A0424}.Debug|ARM64.Build.0 = Debug|Any CPU
		{1FC84C4E-9339-4996-AAAA-D907F05A0424}.Debug|x64.ActiveCfg = Debug|Any CPU
		{1FC84C4E-9339-4996-AAAA-D907F05A0424}.Debug|x64.Build.0 = Debug|Any CPU
		{1FC84C4E-9339-4996-AAAA-D907F05A0424}.Debug|x86.ActiveCfg = Debug|Any CPU
		{1FC84C4E-9339-4996-AAAA-D907F05A0424}.Debug|x86.Build.0 = Debug|Any CPU
		{1FC84C4E-9339-4996-AAAA-D907F05A0424}.Release|Any CPU.ActiveCfg = Release|Any CPU
		{1FC84C4E-9339-4996-AAAA-D907F05A0424}.Release|Any CPU.Build.0 = Release|Any CPU
		{1FC84C4E-9339-4996-AAAA-D907F05A0424}.Release|ARM.ActiveCfg = Release|Any CPU
		{1FC84C4E-9339-4996-AAAA-D907F05A0424}.Release|ARM.Build.0 = Release|Any CPU
		{1FC84C4E-9339-4996-AAAA-D907F05A0424}.Release|ARM64.ActiveCfg = Release|Any CPU
		{1FC84C4E-9339-4996-AAAA-D907F05A0424}.Release|ARM64.Build.0 = Release|Any CPU
		{1FC84C4E-9339-4996-AAAA-D907F05A0424}.Release|x64.ActiveCfg = Release|Any CPU
		{1FC84C4E-9339-4996-AAAA-D907F05A0424}.Release|x64.Build.0 = Release|Any CPU
		{1FC84C4E-9339-4996-AAAA-D907F05A0424}.Release|x86.ActiveCfg = Release|Any CPU
		{1FC84C4E-9339-4996-AAAA-D907F05A0424}.Release|x86.Build.0 = Release|Any CPU
	EndGlobalSection
	GlobalSection(SolutionProperties) = preSolution
		HideSolutionNode = FALSE
	EndGlobalSection
	GlobalSection(ExtensibilityGlobals) = postSolution
		SolutionGuid = {1A504972-09EA-4FA8-9555-CEEB2EA5CB2C}
	EndGlobalSection
EndGlobal
